
Microsoft Visual Studio Solution File, Format Version 12.00
# Visual Studio Version 17
VisualStudioVersion = 17.6.33723.286
MinimumVisualStudioVersion = 10.0.40219.1
Project("{9A19103F-16F7-4668-BE54-9A1E7A4F7556}") = "Zeyad", "Zeyad.csproj", "{6DFD2431-7F18-4CCB-82D3-9A1E031047DE}"
EndProject
Global
	GlobalSection(SolutionConfigurationPlatforms) = preSolution
		Debug|Any CPU = Debug|Any CPU
		Release|Any CPU = Release|Any CPU
	EndGlobalSection
	GlobalSection(ProjectConfigurationPlatforms) = postSolution
		{6DFD2431-7F18-4CCB-82D3-9A1E031047DE}.Debug|Any CPU.ActiveCfg = Debug|Any CPU
		{6DFD2431-7F18-4CCB-82D3-9A1E031047DE}.Debug|Any CPU.Build.0 = Debug|Any CPU
		{6DFD2431-7F18-4CCB-82D3-9A1E031047DE}.Release|Any CPU.ActiveCfg = Release|Any CPU
		{6DFD2431-7F18-4CCB-82D3-9A1E031047DE}.Release|Any CPU.Build.0 = Release|Any CPU
	EndGlobalSection
	GlobalSection(SolutionProperties) = preSolution
		HideSolutionNode = FALSE
	EndGlobalSection
	GlobalSection(ExtensibilityGlobals) = postSolution
		SolutionGuid = {A648597E-C923-4027-8000-920EDC56B0C0}
	EndGlobalSection
EndGlobal
